{
  "originHash" : "0cb494aea77e17c63746b150b7e0f502720e3bc180c9220aa2df9cfd677b3c31",
  "pins" : [
    {
      "identity" : "capacitor-swift-pm",
      "kind" : "remoteSourceControl",
      "location" : "https://github.com/ionic-team/capacitor-swift-pm.git",
      "state" : {
        "revision" : "6a2a3feb25fda8df2a284d0818bc9c83e57a7d56",
        "version" : "8.3.0"
      }
    },
    {
      "identity" : "ion-ios-geolocation",
      "kind" : "remoteSourceControl",
      "location" : "https://github.com/ionic-team/ion-ios-geolocation.git",
      "state" : {
        "revision" : "db363927d3a954e3ea24d2e72b6e9814769a84be",
        "version" : "2.1.1"
      }
    }
  ],
  "version" : 3
}
